
Microsoft Visual Studio Solution File, Format Version 12.00
# Visual Studio Version 17
VisualStudioVersion = 17.13.35931.197 d17.13
MinimumVisualStudioVersion = 10.0.40219.1
Project("{F2A71F9B-5D33-465A-A702-920D77279786}") = "Project21Game", "Project21Game\Project21Game.fsproj", "{C165D798-E3D0-4C94-82BC-E84679739FCA}"
EndProject
Global
	GlobalSection(SolutionConfigurationPlatforms) = preSolution
		Debug|Any CPU = Debug|Any CPU
		Release|Any CPU = Release|Any CPU
	EndGlobalSection
	GlobalSection(ProjectConfigurationPlatforms) = postSolution
		{C165D798-E3D0-4C94-82BC-E84679739FCA}.Debug|Any CPU.ActiveCfg = Debug|Any CPU
		{C165D798-E3D0-4C94-82BC-E84679739FCA}.Debug|Any CPU.Build.0 = Debug|Any CPU
		{C165D798-E3D0-4C94-82BC-E84679739FCA}.Release|Any CPU.ActiveCfg = Release|Any CPU
		{C165D798-E3D0-4C94-82BC-E84679739FCA}.Release|Any CPU.Build.0 = Release|Any CPU
	EndGlobalSection
	GlobalSection(SolutionProperties) = preSolution
		HideSolutionNode = FALSE
	EndGlobalSection
	GlobalSection(ExtensibilityGlobals) = postSolution
		SolutionGuid = {A6B80EEB-D26B-4E60-A98D-300DBDA73DE0}
	EndGlobalSection
EndGlobal
